
Microsoft Visual Studio Solution File, Format Version 12.00
# Visual Studio Version 16
VisualStudioVersion = 16.0.29920.165
MinimumVisualStudioVersion = 10.0.40219.1
Project("{FAE04EC0-301F-11D3-BF4B-00C04F79EFBC}") = "new2", "new2.csproj", "{D647C807-BEE8-49A9-B7F6-2B51727B2ECA}"
EndProject
Global
	GlobalSection(SolutionConfigurationPlatforms) = preSolution
		Debug|Any CPU = Debug|Any CPU
		Release|Any CPU = Release|Any CPU
	EndGlobalSection
	GlobalSection(ProjectConfigurationPlatforms) = postSolution
		{D647C807-BEE8-49A9-B7F6-2B51727B2ECA}.Debug|Any CPU.ActiveCfg = Debug|Any CPU
		{D647C807-BEE8-49A9-B7F6-2B51727B2ECA}.Debug|Any CPU.Build.0 = Debug|Any CPU
		{D647C807-BEE8-49A9-B7F6-2B51727B2ECA}.Release|Any CPU.ActiveCfg = Release|Any CPU
		{D647C807-BEE8-49A9-B7F6-2B51727B2ECA}.Release|Any CPU.Build.0 = Release|Any CPU
	EndGlobalSection
	GlobalSection(SolutionProperties) = preSolution
		HideSolutionNode = FALSE
	EndGlobalSection
	GlobalSection(ExtensibilityGlobals) = postSolution
		SolutionGuid = {FD4C452B-D7E8-439B-8BF8-1321CC7BED43}
	EndGlobalSection
EndGlobal
